
Microsoft Visual Studio Solution File, Format Version 12.00
# Visual Studio Version 17
VisualStudioVersion = 17.0.31903.59
MinimumVisualStudioVersion = 10.0.40219.1
Project("{2150E333-8FDC-42A3-9474-1A3956D46DE8}") = "Src", "Src", "{C910ABFD-4137-4472-AF99-EE99D4F0CD53}"
EndProject
Project("{9A19103F-16F7-4668-BE54-9A1E7A4F7556}") = "Transverse._Common.Dictionary", "Src\Transverse._Common\Dictionary\Transverse._Common.Dictionary.csproj", "{EC8D6B8E-5677-48E2-97F0-476AAAF1BFDE}"
EndProject
Project("{9A19103F-16F7-4668-BE54-9A1E7A4F7556}") = "Transverse._Common.Exceptions", "Src\Transverse._Common\Exceptions\Transverse._Common.Exceptions.csproj", "{1F5CBF00-8A81-4458-BE88-886FB5AAB874}"
EndProject
Project("{9A19103F-16F7-4668-BE54-9A1E7A4F7556}") = "Transverse._Common.String", "Src\Transverse._Common\String\Transverse._Common.String.csproj", "{A972FF2B-97C7-4B6B-875B-108089283BAB}"
EndProject
Project("{9A19103F-16F7-4668-BE54-9A1E7A4F7556}") = "Transverse._Common.DebugTools", "Src\Transverse._Common\DebugTools\Transverse._Common.DebugTools.csproj", "{B79B0EDC-6653-41D1-BD33-2367177CFCB4}"
EndProject
Project("{2150E333-8FDC-42A3-9474-1A3956D46DE8}") = "TESTS", "TESTS", "{347C16CD-D64B-4269-96AC-05D6907CA66E}"
EndProject
Project("{9A19103F-16F7-4668-BE54-9A1E7A4F7556}") = "Transverse._Common.DebugTools.UnitTests", "TESTS\Transverse._Common\DebugTools\UnitTests\Transverse._Common.DebugTools.UnitTests.csproj", "{A313F69D-CEE0-4409-9666-E958054C75BE}"
EndProject
Project("{9A19103F-16F7-4668-BE54-9A1E7A4F7556}") = "Transverse._Common.Dictionary.UnitTests", "TESTS\Transverse._Common\Dictionary\UnitTests\Transverse._Common.Dictionary.UnitTests.csproj", "{D445756B-B91C-4D8C-84F1-4A478D31F08C}"
EndProject
Project("{9A19103F-16F7-4668-BE54-9A1E7A4F7556}") = "Transverse._Common.String.UnitTests", "TESTS\Transverse._Common\String\UnitTests\Transverse._Common.String.UnitTests.csproj", "{5E734A2E-5512-49F7-8122-9769418C5201}"
EndProject
Global
	GlobalSection(SolutionConfigurationPlatforms) = preSolution
		Debug|Any CPU = Debug|Any CPU
		Release|Any CPU = Release|Any CPU
	EndGlobalSection
	GlobalSection(ProjectConfigurationPlatforms) = postSolution
		{EC8D6B8E-5677-48E2-97F0-476AAAF1BFDE}.Debug|Any CPU.ActiveCfg = Debug|Any CPU
		{EC8D6B8E-5677-48E2-97F0-476AAAF1BFDE}.Debug|Any CPU.Build.0 = Debug|Any CPU
		{EC8D6B8E-5677-48E2-97F0-476AAAF1BFDE}.Release|Any CPU.ActiveCfg = Release|Any CPU
		{EC8D6B8E-5677-48E2-97F0-476AAAF1BFDE}.Release|Any CPU.Build.0 = Release|Any CPU
		{1F5CBF00-8A81-4458-BE88-886FB5AAB874}.Debug|Any CPU.ActiveCfg = Debug|Any CPU
		{1F5CBF00-8A81-4458-BE88-886FB5AAB874}.Debug|Any CPU.Build.0 = Debug|Any CPU
		{1F5CBF00-8A81-4458-BE88-886FB5AAB874}.Release|Any CPU.ActiveCfg = Release|Any CPU
		{1F5CBF00-8A81-4458-BE88-886FB5AAB874}.Release|Any CPU.Build.0 = Release|Any CPU
		{A972FF2B-97C7-4B6B-875B-108089283BAB}.Debug|Any CPU.ActiveCfg = Debug|Any CPU
		{A972FF2B-97C7-4B6B-875B-108089283BAB}.Debug|Any CPU.Build.0 = Debug|Any CPU
		{A972FF2B-97C7-4B6B-875B-108089283BAB}.Release|Any CPU.ActiveCfg = Release|Any CPU
		{A972FF2B-97C7-4B6B-875B-108089283BAB}.Release|Any CPU.Build.0 = Release|Any CPU
		{A313F69D-CEE0-4409-9666-E958054C75BE}.Debug|Any CPU.ActiveCfg = Debug|Any CPU
		{A313F69D-CEE0-4409-9666-E958054C75BE}.Debug|Any CPU.Build.0 = Debug|Any CPU
		{A313F69D-CEE0-4409-9666-E958054C75BE}.Release|Any CPU.ActiveCfg = Release|Any CPU
		{A313F69D-CEE0-4409-9666-E958054C75BE}.Release|Any CPU.Build.0 = Release|Any CPU
		{D445756B-B91C-4D8C-84F1-4A478D31F08C}.Debug|Any CPU.ActiveCfg = Debug|Any CPU
		{D445756B-B91C-4D8C-84F1-4A478D31F08C}.Debug|Any CPU.Build.0 = Debug|Any CPU
		{D445756B-B91C-4D8C-84F1-4A478D31F08C}.Release|Any CPU.ActiveCfg = Release|Any CPU
		{D445756B-B91C-4D8C-84F1-4A478D31F08C}.Release|Any CPU.Build.0 = Release|Any CPU
		{5E734A2E-5512-49F7-8122-9769418C5201}.Debug|Any CPU.ActiveCfg = Debug|Any CPU
		{5E734A2E-5512-49F7-8122-9769418C5201}.Debug|Any CPU.Build.0 = Debug|Any CPU
		{5E734A2E-5512-49F7-8122-9769418C5201}.Release|Any CPU.ActiveCfg = Release|Any CPU
		{5E734A2E-5512-49F7-8122-9769418C5201}.Release|Any CPU.Build.0 = Release|Any CPU
		{B79B0EDC-6653-41D1-BD33-2367177CFCB4}.Debug|Any CPU.ActiveCfg = Debug|Any CPU
		{B79B0EDC-6653-41D1-BD33-2367177CFCB4}.Debug|Any CPU.Build.0 = Debug|Any CPU
		{B79B0EDC-6653-41D1-BD33-2367177CFCB4}.Release|Any CPU.ActiveCfg = Release|Any CPU
		{B79B0EDC-6653-41D1-BD33-2367177CFCB4}.Release|Any CPU.Build.0 = Release|Any CPU
	EndGlobalSection
	GlobalSection(SolutionProperties) = preSolution
		HideSolutionNode = FALSE
	EndGlobalSection
	GlobalSection(NestedProjects) = preSolution
		{EC8D6B8E-5677-48E2-97F0-476AAAF1BFDE} = {C910ABFD-4137-4472-AF99-EE99D4F0CD53}
		{1F5CBF00-8A81-4458-BE88-886FB5AAB874} = {C910ABFD-4137-4472-AF99-EE99D4F0CD53}
		{A972FF2B-97C7-4B6B-875B-108089283BAB} = {C910ABFD-4137-4472-AF99-EE99D4F0CD53}
		{B79B0EDC-6653-41D1-BD33-2367177CFCB4} = {C910ABFD-4137-4472-AF99-EE99D4F0CD53}
		{A313F69D-CEE0-4409-9666-E958054C75BE} = {347C16CD-D64B-4269-96AC-05D6907CA66E}
		{D445756B-B91C-4D8C-84F1-4A478D31F08C} = {347C16CD-D64B-4269-96AC-05D6907CA66E}
		{5E734A2E-5512-49F7-8122-9769418C5201} = {347C16CD-D64B-4269-96AC-05D6907CA66E}
	EndGlobalSection
EndGlobal
